
Microsoft Visual Studio Solution File, Format Version 12.00
# Visual Studio Version 17
VisualStudioVersion = 17.10.35027.167
MinimumVisualStudioVersion = 10.0.40219.1
Project("{8BC9CEB8-8B4A-11D0-8D11-00A0C91BC942}") = "Client", "Client.vcxproj", "{68A4DB16-6B4E-4C15-BD90-175A2854EAA2}"
EndProject
Global
	GlobalSection(SolutionConfigurationPlatforms) = preSolution
		Debug|x64 = Debug|x64
		Debug|x86 = Debug|x86
		Release|x64 = Release|x64
		Release|x86 = Release|x86
	EndGlobalSection
	GlobalSection(ProjectConfigurationPlatforms) = postSolution
		{68A4DB16-6B4E-4C15-BD90-175A2854EAA2}.Debug|x64.ActiveCfg = Debug|x64
		{68A4DB16-6B4E-4C15-BD90-175A2854EAA2}.Debug|x64.Build.0 = Debug|x64
		{68A4DB16-6B4E-4C15-BD90-175A2854EAA2}.Debug|x86.ActiveCfg = Debug|Win32
		{68A4DB16-6B4E-4C15-BD90-175A2854EAA2}.Debug|x86.Build.0 = Debug|Win32
		{68A4DB16-6B4E-4C15-BD90-175A2854EAA2}.Release|x64.ActiveCfg = Release|x64
		{68A4DB16-6B4E-4C15-BD90-175A2854EAA2}.Release|x64.Build.0 = Release|x64
		{68A4DB16-6B4E-4C15-BD90-175A2854EAA2}.Release|x86.ActiveCfg = Release|Win32
		{68A4DB16-6B4E-4C15-BD90-175A2854EAA2}.Release|x86.Build.0 = Release|Win32
	EndGlobalSection
	GlobalSection(SolutionProperties) = preSolution
		HideSolutionNode = FALSE
	EndGlobalSection
	GlobalSection(ExtensibilityGlobals) = postSolution
		SolutionGuid = {D4698E15-137D-4731-BD09-C3ED07A57A99}
	EndGlobalSection
EndGlobal
